
Microsoft Visual Studio Solution File, Format Version 12.00
# Visual Studio Version 17
VisualStudioVersion = 17.6.33815.320
MinimumVisualStudioVersion = 10.0.40219.1
Project("{FAE04EC0-301F-11D3-BF4B-00C04F79EFBC}") = "FloatingPoint", "FloatingPoint.csproj", "{0ABACD8F-3CBD-4CB1-B121-A1ACB49C55FE}"
EndProject
Global
	GlobalSection(SolutionConfigurationPlatforms) = preSolution
		Debug|Any CPU = Debug|Any CPU
		Release|Any CPU = Release|Any CPU
	EndGlobalSection
	GlobalSection(ProjectConfigurationPlatforms) = postSolution
		{0ABACD8F-3CBD-4CB1-B121-A1ACB49C55FE}.Debug|Any CPU.ActiveCfg = Debug|Any CPU
		{0ABACD8F-3CBD-4CB1-B121-A1ACB49C55FE}.Debug|Any CPU.Build.0 = Debug|Any CPU
		{0ABACD8F-3CBD-4CB1-B121-A1ACB49C55FE}.Release|Any CPU.ActiveCfg = Release|Any CPU
		{0ABACD8F-3CBD-4CB1-B121-A1ACB49C55FE}.Release|Any CPU.Build.0 = Release|Any CPU
	EndGlobalSection
	GlobalSection(SolutionProperties) = preSolution
		HideSolutionNode = FALSE
	EndGlobalSection
	GlobalSection(ExtensibilityGlobals) = postSolution
		SolutionGuid = {6B020FC9-60CC-47B4-84C9-B689246DDE26}
	EndGlobalSection
EndGlobal
