
Microsoft Visual Studio Solution File, Format Version 12.00
# Visual Studio Version 17
VisualStudioVersion = 17.6.33815.320
MinimumVisualStudioVersion = 10.0.40219.1
Project("{FAE04EC0-301F-11D3-BF4B-00C04F79EFBC}") = "IncDecOperator", "IncDecOperator.csproj", "{4F704A63-46DF-4F1C-AEBB-1DA236F33FC1}"
EndProject
Global
	GlobalSection(SolutionConfigurationPlatforms) = preSolution
		Debug|Any CPU = Debug|Any CPU
		Release|Any CPU = Release|Any CPU
	EndGlobalSection
	GlobalSection(ProjectConfigurationPlatforms) = postSolution
		{4F704A63-46DF-4F1C-AEBB-1DA236F33FC1}.Debug|Any CPU.ActiveCfg = Debug|Any CPU
		{4F704A63-46DF-4F1C-AEBB-1DA236F33FC1}.Debug|Any CPU.Build.0 = Debug|Any CPU
		{4F704A63-46DF-4F1C-AEBB-1DA236F33FC1}.Release|Any CPU.ActiveCfg = Release|Any CPU
		{4F704A63-46DF-4F1C-AEBB-1DA236F33FC1}.Release|Any CPU.Build.0 = Release|Any CPU
	EndGlobalSection
	GlobalSection(SolutionProperties) = preSolution
		HideSolutionNode = FALSE
	EndGlobalSection
	GlobalSection(ExtensibilityGlobals) = postSolution
		SolutionGuid = {59D51B8B-23B4-4B31-B68F-87B351B5F507}
	EndGlobalSection
EndGlobal
