
Microsoft Visual Studio Solution File, Format Version 12.00
# Visual Studio Version 17
VisualStudioVersion = 17.6.33815.320
MinimumVisualStudioVersion = 10.0.40219.1
Project("{FAE04EC0-301F-11D3-BF4B-00C04F79EFBC}") = "Enum", "Enum.csproj", "{EC831065-709A-4211-A658-0FB8A030151A}"
EndProject
Global
	GlobalSection(SolutionConfigurationPlatforms) = preSolution
		Debug|Any CPU = Debug|Any CPU
		Release|Any CPU = Release|Any CPU
	EndGlobalSection
	GlobalSection(ProjectConfigurationPlatforms) = postSolution
		{EC831065-709A-4211-A658-0FB8A030151A}.Debug|Any CPU.ActiveCfg = Debug|Any CPU
		{EC831065-709A-4211-A658-0FB8A030151A}.Debug|Any CPU.Build.0 = Debug|Any CPU
		{EC831065-709A-4211-A658-0FB8A030151A}.Release|Any CPU.ActiveCfg = Release|Any CPU
		{EC831065-709A-4211-A658-0FB8A030151A}.Release|Any CPU.Build.0 = Release|Any CPU
	EndGlobalSection
	GlobalSection(SolutionProperties) = preSolution
		HideSolutionNode = FALSE
	EndGlobalSection
	GlobalSection(ExtensibilityGlobals) = postSolution
		SolutionGuid = {E83F6B87-4EC1-42CB-B916-723CF18EBFCD}
	EndGlobalSection
EndGlobal
