
Microsoft Visual Studio Solution File, Format Version 12.00
# Visual Studio Version 17
VisualStudioVersion = 17.6.33815.320
MinimumVisualStudioVersion = 10.0.40219.1
Project("{FAE04EC0-301F-11D3-BF4B-00C04F79EFBC}") = "RelationalOperator", "RelationalOperator.csproj", "{D3407ABA-2766-4A4C-823E-4D4BC8A1CC8E}"
EndProject
Global
	GlobalSection(SolutionConfigurationPlatforms) = preSolution
		Debug|Any CPU = Debug|Any CPU
		Release|Any CPU = Release|Any CPU
	EndGlobalSection
	GlobalSection(ProjectConfigurationPlatforms) = postSolution
		{D3407ABA-2766-4A4C-823E-4D4BC8A1CC8E}.Debug|Any CPU.ActiveCfg = Debug|Any CPU
		{D3407ABA-2766-4A4C-823E-4D4BC8A1CC8E}.Debug|Any CPU.Build.0 = Debug|Any CPU
		{D3407ABA-2766-4A4C-823E-4D4BC8A1CC8E}.Release|Any CPU.ActiveCfg = Release|Any CPU
		{D3407ABA-2766-4A4C-823E-4D4BC8A1CC8E}.Release|Any CPU.Build.0 = Release|Any CPU
	EndGlobalSection
	GlobalSection(SolutionProperties) = preSolution
		HideSolutionNode = FALSE
	EndGlobalSection
	GlobalSection(ExtensibilityGlobals) = postSolution
		SolutionGuid = {B8C5BD47-B6E0-4FE5-B654-ADE483006081}
	EndGlobalSection
EndGlobal
