
Microsoft Visual Studio Solution File, Format Version 12.00
# Visual Studio Version 17
VisualStudioVersion = 17.6.33815.320
MinimumVisualStudioVersion = 10.0.40219.1
Project("{FAE04EC0-301F-11D3-BF4B-00C04F79EFBC}") = "CTS", "CTS.csproj", "{F1163944-0327-4329-912A-D889778EC3BE}"
EndProject
Global
	GlobalSection(SolutionConfigurationPlatforms) = preSolution
		Debug|Any CPU = Debug|Any CPU
		Release|Any CPU = Release|Any CPU
	EndGlobalSection
	GlobalSection(ProjectConfigurationPlatforms) = postSolution
		{F1163944-0327-4329-912A-D889778EC3BE}.Debug|Any CPU.ActiveCfg = Debug|Any CPU
		{F1163944-0327-4329-912A-D889778EC3BE}.Debug|Any CPU.Build.0 = Debug|Any CPU
		{F1163944-0327-4329-912A-D889778EC3BE}.Release|Any CPU.ActiveCfg = Release|Any CPU
		{F1163944-0327-4329-912A-D889778EC3BE}.Release|Any CPU.Build.0 = Release|Any CPU
	EndGlobalSection
	GlobalSection(SolutionProperties) = preSolution
		HideSolutionNode = FALSE
	EndGlobalSection
	GlobalSection(ExtensibilityGlobals) = postSolution
		SolutionGuid = {EAEC215F-BEFD-4E37-8BEA-E7B8B1E6F99E}
	EndGlobalSection
EndGlobal
