
Microsoft Visual Studio Solution File, Format Version 12.00
# Visual Studio Version 17
VisualStudioVersion = 17.6.33815.320
MinimumVisualStudioVersion = 10.0.40219.1
Project("{FAE04EC0-301F-11D3-BF4B-00C04F79EFBC}") = "StringNumberConversion", "StringNumberConversion.csproj", "{1FAF065C-83D0-4531-B6F2-6DCFBC65365C}"
EndProject
Global
	GlobalSection(SolutionConfigurationPlatforms) = preSolution
		Debug|Any CPU = Debug|Any CPU
		Release|Any CPU = Release|Any CPU
	EndGlobalSection
	GlobalSection(ProjectConfigurationPlatforms) = postSolution
		{1FAF065C-83D0-4531-B6F2-6DCFBC65365C}.Debug|Any CPU.ActiveCfg = Debug|Any CPU
		{1FAF065C-83D0-4531-B6F2-6DCFBC65365C}.Debug|Any CPU.Build.0 = Debug|Any CPU
		{1FAF065C-83D0-4531-B6F2-6DCFBC65365C}.Release|Any CPU.ActiveCfg = Release|Any CPU
		{1FAF065C-83D0-4531-B6F2-6DCFBC65365C}.Release|Any CPU.Build.0 = Release|Any CPU
	EndGlobalSection
	GlobalSection(SolutionProperties) = preSolution
		HideSolutionNode = FALSE
	EndGlobalSection
	GlobalSection(ExtensibilityGlobals) = postSolution
		SolutionGuid = {AFA1DDD0-461A-4F61-B580-A4A547348933}
	EndGlobalSection
EndGlobal
