
Microsoft Visual Studio Solution File, Format Version 12.00
# Visual Studio Version 17
VisualStudioVersion = 17.6.33815.320
MinimumVisualStudioVersion = 10.0.40219.1
Project("{FAE04EC0-301F-11D3-BF4B-00C04F79EFBC}") = "StringModify", "StringModify.csproj", "{EDEA1E89-4928-452E-8976-137627E65D8B}"
EndProject
Global
	GlobalSection(SolutionConfigurationPlatforms) = preSolution
		Debug|Any CPU = Debug|Any CPU
		Release|Any CPU = Release|Any CPU
	EndGlobalSection
	GlobalSection(ProjectConfigurationPlatforms) = postSolution
		{EDEA1E89-4928-452E-8976-137627E65D8B}.Debug|Any CPU.ActiveCfg = Debug|Any CPU
		{EDEA1E89-4928-452E-8976-137627E65D8B}.Debug|Any CPU.Build.0 = Debug|Any CPU
		{EDEA1E89-4928-452E-8976-137627E65D8B}.Release|Any CPU.ActiveCfg = Release|Any CPU
		{EDEA1E89-4928-452E-8976-137627E65D8B}.Release|Any CPU.Build.0 = Release|Any CPU
	EndGlobalSection
	GlobalSection(SolutionProperties) = preSolution
		HideSolutionNode = FALSE
	EndGlobalSection
	GlobalSection(ExtensibilityGlobals) = postSolution
		SolutionGuid = {08070467-F947-48D7-AC7D-C86F259890FB}
	EndGlobalSection
EndGlobal
