
Microsoft Visual Studio Solution File, Format Version 12.00
# Visual Studio Version 17
VisualStudioVersion = 17.6.33815.320
MinimumVisualStudioVersion = 10.0.40219.1
Project("{FAE04EC0-301F-11D3-BF4B-00C04F79EFBC}") = "ShiftOperator", "ShiftOperator.csproj", "{F120F71B-BD8C-4FA6-86E8-350E9CE10749}"
EndProject
Global
	GlobalSection(SolutionConfigurationPlatforms) = preSolution
		Debug|Any CPU = Debug|Any CPU
		Release|Any CPU = Release|Any CPU
	EndGlobalSection
	GlobalSection(ProjectConfigurationPlatforms) = postSolution
		{F120F71B-BD8C-4FA6-86E8-350E9CE10749}.Debug|Any CPU.ActiveCfg = Debug|Any CPU
		{F120F71B-BD8C-4FA6-86E8-350E9CE10749}.Debug|Any CPU.Build.0 = Debug|Any CPU
		{F120F71B-BD8C-4FA6-86E8-350E9CE10749}.Release|Any CPU.ActiveCfg = Release|Any CPU
		{F120F71B-BD8C-4FA6-86E8-350E9CE10749}.Release|Any CPU.Build.0 = Release|Any CPU
	EndGlobalSection
	GlobalSection(SolutionProperties) = preSolution
		HideSolutionNode = FALSE
	EndGlobalSection
	GlobalSection(ExtensibilityGlobals) = postSolution
		SolutionGuid = {5431C12D-D2E3-48F1-910E-71F0736A4343}
	EndGlobalSection
EndGlobal
