
Microsoft Visual Studio Solution File, Format Version 12.00
# Visual Studio Version 17
VisualStudioVersion = 17.6.33815.320
MinimumVisualStudioVersion = 10.0.40219.1
Project("{FAE04EC0-301F-11D3-BF4B-00C04F79EFBC}") = "SingnedUnsignedConversion", "SingnedUnsignedConversion.csproj", "{1E2D2485-7CBF-4578-A4E1-1BE5D9DF8A44}"
EndProject
Global
	GlobalSection(SolutionConfigurationPlatforms) = preSolution
		Debug|Any CPU = Debug|Any CPU
		Release|Any CPU = Release|Any CPU
	EndGlobalSection
	GlobalSection(ProjectConfigurationPlatforms) = postSolution
		{1E2D2485-7CBF-4578-A4E1-1BE5D9DF8A44}.Debug|Any CPU.ActiveCfg = Debug|Any CPU
		{1E2D2485-7CBF-4578-A4E1-1BE5D9DF8A44}.Debug|Any CPU.Build.0 = Debug|Any CPU
		{1E2D2485-7CBF-4578-A4E1-1BE5D9DF8A44}.Release|Any CPU.ActiveCfg = Release|Any CPU
		{1E2D2485-7CBF-4578-A4E1-1BE5D9DF8A44}.Release|Any CPU.Build.0 = Release|Any CPU
	EndGlobalSection
	GlobalSection(SolutionProperties) = preSolution
		HideSolutionNode = FALSE
	EndGlobalSection
	GlobalSection(ExtensibilityGlobals) = postSolution
		SolutionGuid = {BF8D3610-0027-4853-954C-014873775A62}
	EndGlobalSection
EndGlobal
