
Microsoft Visual Studio Solution File, Format Version 12.00
# Visual Studio Version 17
VisualStudioVersion = 17.6.33815.320
MinimumVisualStudioVersion = 10.0.40219.1
Project("{FAE04EC0-301F-11D3-BF4B-00C04F79EFBC}") = "Switch2", "Switch2.csproj", "{1CD784E5-D97B-4CD8-A7C8-8428C2CDF1DA}"
EndProject
Global
	GlobalSection(SolutionConfigurationPlatforms) = preSolution
		Debug|Any CPU = Debug|Any CPU
		Release|Any CPU = Release|Any CPU
	EndGlobalSection
	GlobalSection(ProjectConfigurationPlatforms) = postSolution
		{1CD784E5-D97B-4CD8-A7C8-8428C2CDF1DA}.Debug|Any CPU.ActiveCfg = Debug|Any CPU
		{1CD784E5-D97B-4CD8-A7C8-8428C2CDF1DA}.Debug|Any CPU.Build.0 = Debug|Any CPU
		{1CD784E5-D97B-4CD8-A7C8-8428C2CDF1DA}.Release|Any CPU.ActiveCfg = Release|Any CPU
		{1CD784E5-D97B-4CD8-A7C8-8428C2CDF1DA}.Release|Any CPU.Build.0 = Release|Any CPU
	EndGlobalSection
	GlobalSection(SolutionProperties) = preSolution
		HideSolutionNode = FALSE
	EndGlobalSection
	GlobalSection(ExtensibilityGlobals) = postSolution
		SolutionGuid = {3B138D07-2C4F-4B7E-8ECF-FED5EC2FB50F}
	EndGlobalSection
EndGlobal
